// !$*UTF8*$!
{
	archiveVersion = 1;
	classes = {
	};
	objectVersion = 50;
	objects = {

/* Begin PBXBuildFile section */
		774F95D12150EBE400BC48DD /* Enveloppe.swift in Sources */ = {isa = PBXBuildFile; fileRef = 774F95D02150EBE400BC48DD /* Enveloppe.swift */; };
		774F95DE2150EBFE00BC48DD /* EnveloppeTests.swift in Sources */ = {isa = PBXBuildFile; fileRef = 774F95DD2150EBFE00BC48DD /* EnveloppeTests.swift */; };
		774F95E02150EBFE00BC48DD /* libEnveloppe.a in Frameworks */ = {isa = PBXBuildFile; fileRef = 774F95CD2150EBE400BC48DD /* libEnveloppe.a */; };
		77D3A6D12154AE0D0066D3F6 /* Stubs.swift in Sources */ = {isa = PBXBuildFile; fileRef = 77D3A6D02154AE0D0066D3F6 /* Stubs.swift */; };
		77D3A6D32154AFFA0066D3F6 /* EnveloppeSerializerTests.swift in Sources */ = {isa = PBXBuildFile; fileRef = 77D3A6D22154AFFA0066D3F6 /* EnveloppeSerializerTests.swift */; };
		77D3A6D62154CAC90066D3F6 /* EnveloppeSerializer.swift in Sources */ = {isa = PBXBuildFile; fileRef = 77D3A6D52154CAC90066D3F6 /* EnveloppeSerializer.swift */; };
		77D3A6D82154CD5C0066D3F6 /* EnveloppeInputs.swift in Sources */ = {isa = PBXBuildFile; fileRef = 77D3A6D72154CD5C0066D3F6 /* EnveloppeInputs.swift */; };
		77D3A6DA2154CD760066D3F6 /* EnveloppeOutputs.swift in Sources */ = {isa = PBXBuildFile; fileRef = 77D3A6D92154CD760066D3F6 /* EnveloppeOutputs.swift */; };
		77D3A6DC2154D3D20066D3F6 /* XCTestCase.swift in Sources */ = {isa = PBXBuildFile; fileRef = 77D3A6DB2154D3D20066D3F6 /* XCTestCase.swift */; };
		83BFE76F2158A8C70094F923 /* EnveloppeErrorObserver.swift in Sources */ = {isa = PBXBuildFile; fileRef = 83BFE76E2158A8C70094F923 /* EnveloppeErrorObserver.swift */; };
		83BFE7712158AB090094F923 /* EnveloppeErrorObserverTests.swift in Sources */ = {isa = PBXBuildFile; fileRef = 83BFE7702158AB090094F923 /* EnveloppeErrorObserverTests.swift */; };
/* End PBXBuildFile section */

/* Begin PBXContainerItemProxy section */
		774F95E12150EBFE00BC48DD /* PBXContainerItemProxy */ = {
			isa = PBXContainerItemProxy;
			containerPortal = 774F95C52150EBE400BC48DD /* Project object */;
			proxyType = 1;
			remoteGlobalIDString = 774F95CC2150EBE400BC48DD;
			remoteInfo = Enveloppe;
		};
/* End PBXContainerItemProxy section */

/* Begin PBXCopyFilesBuildPhase section */
		774F95CB2150EBE400BC48DD /* CopyFiles */ = {
			isa = PBXCopyFilesBuildPhase;
			buildActionMask = 2147483647;
			dstPath = "include/$(PRODUCT_NAME)";
			dstSubfolderSpec = 16;
			files = (
			);
			runOnlyForDeploymentPostprocessing = 0;
		};
/* End PBXCopyFilesBuildPhase section */

/* Begin PBXFileReference section */
		774F95CD2150EBE400BC48DD /* libEnveloppe.a */ = {isa = PBXFileReference; explicitFileType = archive.ar; includeInIndex = 0; path = libEnveloppe.a; sourceTree = BUILT_PRODUCTS_DIR; };
		774F95D02150EBE400BC48DD /* Enveloppe.swift */ = {isa = PBXFileReference; lastKnownFileType = sourcecode.swift; path = Enveloppe.swift; sourceTree = "<group>"; };
		774F95DB2150EBFE00BC48DD /* Tests.xctest */ = {isa = PBXFileReference; explicitFileType = wrapper.cfbundle; includeInIndex = 0; path = Tests.xctest; sourceTree = BUILT_PRODUCTS_DIR; };
		774F95DD2150EBFE00BC48DD /* EnveloppeTests.swift */ = {isa = PBXFileReference; lastKnownFileType = sourcecode.swift; path = EnveloppeTests.swift; sourceTree = "<group>"; };
		774F95DF2150EBFE00BC48DD /* Info.plist */ = {isa = PBXFileReference; lastKnownFileType = text.plist.xml; path = Info.plist; sourceTree = "<group>"; };
		77D3A6D02154AE0D0066D3F6 /* Stubs.swift */ = {isa = PBXFileReference; lastKnownFileType = sourcecode.swift; path = Stubs.swift; sourceTree = "<group>"; };
		77D3A6D22154AFFA0066D3F6 /* EnveloppeSerializerTests.swift */ = {isa = PBXFileReference; lastKnownFileType = sourcecode.swift; path = EnveloppeSerializerTests.swift; sourceTree = "<group>"; };
		77D3A6D52154CAC90066D3F6 /* EnveloppeSerializer.swift */ = {isa = PBXFileReference; lastKnownFileType = sourcecode.swift; path = EnveloppeSerializer.swift; sourceTree = "<group>"; };
		77D3A6D72154CD5C0066D3F6 /* EnveloppeInputs.swift */ = {isa = PBXFileReference; lastKnownFileType = sourcecode.swift; path = EnveloppeInputs.swift; sourceTree = "<group>"; };
		77D3A6D92154CD760066D3F6 /* EnveloppeOutputs.swift */ = {isa = PBXFileReference; lastKnownFileType = sourcecode.swift; path = EnveloppeOutputs.swift; sourceTree = "<group>"; };
		77D3A6DB2154D3D20066D3F6 /* XCTestCase.swift */ = {isa = PBXFileReference; lastKnownFileType = sourcecode.swift; path = XCTestCase.swift; sourceTree = "<group>"; };
		83BFE76E2158A8C70094F923 /* EnveloppeErrorObserver.swift */ = {isa = PBXFileReference; lastKnownFileType = sourcecode.swift; path = EnveloppeErrorObserver.swift; sourceTree = "<group>"; };
		83BFE7702158AB090094F923 /* EnveloppeErrorObserverTests.swift */ = {isa = PBXFileReference; lastKnownFileType = sourcecode.swift; path = EnveloppeErrorObserverTests.swift; sourceTree = "<group>"; };
/* End PBXFileReference section */

/* Begin PBXFrameworksBuildPhase section */
		774F95CA2150EBE400BC48DD /* Frameworks */ = {
			isa = PBXFrameworksBuildPhase;
			buildActionMask = 2147483647;
			files = (
			);
			runOnlyForDeploymentPostprocessing = 0;
		};
		774F95D82150EBFE00BC48DD /* Frameworks */ = {
			isa = PBXFrameworksBuildPhase;
			buildActionMask = 2147483647;
			files = (
				774F95E02150EBFE00BC48DD /* libEnveloppe.a in Frameworks */,
			);
			runOnlyForDeploymentPostprocessing = 0;
		};
/* End PBXFrameworksBuildPhase section */

/* Begin PBXGroup section */
		774F95C42150EBE400BC48DD = {
			isa = PBXGroup;
			children = (
				774F95CF2150EBE400BC48DD /* Enveloppe */,
				774F95DC2150EBFE00BC48DD /* Tests */,
				774F95CE2150EBE400BC48DD /* Products */,
			);
			sourceTree = "<group>";
		};
		774F95CE2150EBE400BC48DD /* Products */ = {
			isa = PBXGroup;
			children = (
				774F95CD2150EBE400BC48DD /* libEnveloppe.a */,
				774F95DB2150EBFE00BC48DD /* Tests.xctest */,
			);
			name = Products;
			sourceTree = "<group>";
		};
		774F95CF2150EBE400BC48DD /* Enveloppe */ = {
			isa = PBXGroup;
			children = (
				774F95D02150EBE400BC48DD /* Enveloppe.swift */,
				77D3A6D52154CAC90066D3F6 /* EnveloppeSerializer.swift */,
				77D3A6D72154CD5C0066D3F6 /* EnveloppeInputs.swift */,
				77D3A6D92154CD760066D3F6 /* EnveloppeOutputs.swift */,
				83BFE76E2158A8C70094F923 /* EnveloppeErrorObserver.swift */,
			);
			path = Enveloppe;
			sourceTree = "<group>";
		};
		774F95DC2150EBFE00BC48DD /* Tests */ = {
			isa = PBXGroup;
			children = (
				77D3A6CF2154ADF70066D3F6 /* Helpers */,
				774F95DD2150EBFE00BC48DD /* EnveloppeTests.swift */,
				77D3A6D22154AFFA0066D3F6 /* EnveloppeSerializerTests.swift */,
				83BFE7702158AB090094F923 /* EnveloppeErrorObserverTests.swift */,
			);
			path = Tests;
			sourceTree = "<group>";
		};
		77D3A6CF2154ADF70066D3F6 /* Helpers */ = {
			isa = PBXGroup;
			children = (
				774F95DF2150EBFE00BC48DD /* Info.plist */,
				77D3A6D02154AE0D0066D3F6 /* Stubs.swift */,
				77D3A6DB2154D3D20066D3F6 /* XCTestCase.swift */,
			);
			path = Helpers;
			sourceTree = "<group>";
		};
/* End PBXGroup section */

/* Begin PBXNativeTarget section */
		774F95CC2150EBE400BC48DD /* Enveloppe */ = {
			isa = PBXNativeTarget;
			buildConfigurationList = 774F95D42150EBE400BC48DD /* Build configuration list for PBXNativeTarget "Enveloppe" */;
			buildPhases = (
				774F95C92150EBE400BC48DD /* Sources */,
				774F95CA2150EBE400BC48DD /* Frameworks */,
				774F95CB2150EBE400BC48DD /* CopyFiles */,
			);
			buildRules = (
			);
			dependencies = (
			);
			name = Enveloppe;
			productName = Enveloppe;
			productReference = 774F95CD2150EBE400BC48DD /* libEnveloppe.a */;
			productType = "com.apple.product-type.library.static";
		};
		774F95DA2150EBFE00BC48DD /* Tests */ = {
			isa = PBXNativeTarget;
			buildConfigurationList = 774F95E32150EBFE00BC48DD /* Build configuration list for PBXNativeTarget "Tests" */;
			buildPhases = (
				774F95D72150EBFE00BC48DD /* Sources */,
				774F95D82150EBFE00BC48DD /* Frameworks */,
				774F95D92150EBFE00BC48DD /* Resources */,
				774F95EB2150F96E00BC48DD /* ShellScript */,
			);
			buildRules = (
			);
			dependencies = (
				774F95E22150EBFE00BC48DD /* PBXTargetDependency */,
			);
			name = Tests;
			productName = Tests;
			productReference = 774F95DB2150EBFE00BC48DD /* Tests.xctest */;
			productType = "com.apple.product-type.bundle.unit-test";
		};
/* End PBXNativeTarget section */

/* Begin PBXProject section */
		774F95C52150EBE400BC48DD /* Project object */ = {
			isa = PBXProject;
			attributes = {
				LastSwiftUpdateCheck = 1000;
				LastUpgradeCheck = 1000;
				ORGANIZATIONNAME = "Mathieu Tan";
				TargetAttributes = {
					774F95CC2150EBE400BC48DD = {
						CreatedOnToolsVersion = 10.0;
					};
					774F95DA2150EBFE00BC48DD = {
						CreatedOnToolsVersion = 10.0;
					};
				};
			};
			buildConfigurationList = 774F95C82150EBE400BC48DD /* Build configuration list for PBXProject "Enveloppe" */;
			compatibilityVersion = "Xcode 9.3";
			developmentRegion = en;
			hasScannedForEncodings = 0;
			knownRegions = (
				en,
			);
			mainGroup = 774F95C42150EBE400BC48DD;
			productRefGroup = 774F95CE2150EBE400BC48DD /* Products */;
			projectDirPath = "";
			projectRoot = "";
			targets = (
				774F95CC2150EBE400BC48DD /* Enveloppe */,
				774F95DA2150EBFE00BC48DD /* Tests */,
			);
		};
/* End PBXProject section */

/* Begin PBXResourcesBuildPhase section */
		774F95D92150EBFE00BC48DD /* Resources */ = {
			isa = PBXResourcesBuildPhase;
			buildActionMask = 2147483647;
			files = (
			);
			runOnlyForDeploymentPostprocessing = 0;
		};
/* End PBXResourcesBuildPhase section */

/* Begin PBXShellScriptBuildPhase section */
		774F95EB2150F96E00BC48DD /* ShellScript */ = {
			isa = PBXShellScriptBuildPhase;
			buildActionMask = 2147483647;
			files = (
			);
			inputFileListPaths = (
			);
			inputPaths = (
			);
			outputFileListPaths = (
			);
			outputPaths = (
			);
			runOnlyForDeploymentPostprocessing = 0;
			shellPath = /bin/sh;
			shellScript = "if which mint >/dev/null; then\nmint run realm/SwiftLint@0.26.0 swiftlint\nelse\necho \"warning: mint not installed, run brew install mint\"\nfi\n";
		};
/* End PBXShellScriptBuildPhase section */

/* Begin PBXSourcesBuildPhase section */
		774F95C92150EBE400BC48DD /* Sources */ = {
			isa = PBXSourcesBuildPhase;
			buildActionMask = 2147483647;
			files = (
				774F95D12150EBE400BC48DD /* Enveloppe.swift in Sources */,
				77D3A6D62154CAC90066D3F6 /* EnveloppeSerializer.swift in Sources */,
				83BFE76F2158A8C70094F923 /* EnveloppeErrorObserver.swift in Sources */,
				77D3A6D82154CD5C0066D3F6 /* EnveloppeInputs.swift in Sources */,
				77D3A6DA2154CD760066D3F6 /* EnveloppeOutputs.swift in Sources */,
			);
			runOnlyForDeploymentPostprocessing = 0;
		};
		774F95D72150EBFE00BC48DD /* Sources */ = {
			isa = PBXSourcesBuildPhase;
			buildActionMask = 2147483647;
			files = (
				77D3A6D32154AFFA0066D3F6 /* EnveloppeSerializerTests.swift in Sources */,
				774F95DE2150EBFE00BC48DD /* EnveloppeTests.swift in Sources */,
				77D3A6DC2154D3D20066D3F6 /* XCTestCase.swift in Sources */,
				83BFE7712158AB090094F923 /* EnveloppeErrorObserverTests.swift in Sources */,
				77D3A6D12154AE0D0066D3F6 /* Stubs.swift in Sources */,
			);
			runOnlyForDeploymentPostprocessing = 0;
		};
/* End PBXSourcesBuildPhase section */

/* Begin PBXTargetDependency section */
		774F95E22150EBFE00BC48DD /* PBXTargetDependency */ = {
			isa = PBXTargetDependency;
			target = 774F95CC2150EBE400BC48DD /* Enveloppe */;
			targetProxy = 774F95E12150EBFE00BC48DD /* PBXContainerItemProxy */;
		};
/* End PBXTargetDependency section */

/* Begin XCBuildConfiguration section */
		774F95D22150EBE400BC48DD /* Debug */ = {
			isa = XCBuildConfiguration;
			buildSettings = {
				ALWAYS_SEARCH_USER_PATHS = NO;
				CLANG_ANALYZER_NONNULL = YES;
				CLANG_ANALYZER_NUMBER_OBJECT_CONVERSION = YES_AGGRESSIVE;
				CLANG_CXX_LANGUAGE_STANDARD = "gnu++14";
				CLANG_CXX_LIBRARY = "libc++";
				CLANG_ENABLE_MODULES = YES;
				CLANG_ENABLE_OBJC_ARC = YES;
				CLANG_ENABLE_OBJC_WEAK = YES;
				CLANG_WARN_BLOCK_CAPTURE_AUTORELEASING = YES;
				CLANG_WARN_BOOL_CONVERSION = YES;
				CLANG_WARN_COMMA = YES;
				CLANG_WARN_CONSTANT_CONVERSION = YES;
				CLANG_WARN_DEPRECATED_OBJC_IMPLEMENTATIONS = YES;
				CLANG_WARN_DIRECT_OBJC_ISA_USAGE = YES_ERROR;
				CLANG_WARN_DOCUMENTATION_COMMENTS = YES;
				CLANG_WARN_EMPTY_BODY = YES;
				CLANG_WARN_ENUM_CONVERSION = YES;
				CLANG_WARN_INFINITE_RECURSION = YES;
				CLANG_WARN_INT_CONVERSION = YES;
				CLANG_WARN_NON_LITERAL_NULL_CONVERSION = YES;
				CLANG_WARN_OBJC_IMPLICIT_RETAIN_SELF = YES;
				CLANG_WARN_OBJC_LITERAL_CONVERSION = YES;
				CLANG_WARN_OBJC_ROOT_CLASS = YES_ERROR;
				CLANG_WARN_RANGE_LOOP_ANALYSIS = YES;
				CLANG_WARN_STRICT_PROTOTYPES = YES;
				CLANG_WARN_SUSPICIOUS_MOVE = YES;
				CLANG_WARN_UNGUARDED_AVAILABILITY = YES_AGGRESSIVE;
				CLANG_WARN_UNREACHABLE_CODE = YES;
				CLANG_WARN__DUPLICATE_METHOD_MATCH = YES;
				CODE_SIGN_IDENTITY = "iPhone Developer";
				COPY_PHASE_STRIP = NO;
				DEBUG_INFORMATION_FORMAT = dwarf;
				ENABLE_STRICT_OBJC_MSGSEND = YES;
				ENABLE_TESTABILITY = YES;
				GCC_C_LANGUAGE_STANDARD = gnu11;
				GCC_DYNAMIC_NO_PIC = NO;
				GCC_NO_COMMON_BLOCKS = YES;
				GCC_OPTIMIZATION_LEVEL = 0;
				GCC_PREPROCESSOR_DEFINITIONS = (
					"DEBUG=1",
					"$(inherited)",
				);
				GCC_WARN_64_TO_32_BIT_CONVERSION = YES;
				GCC_WARN_ABOUT_RETURN_TYPE = YES_ERROR;
				GCC_WARN_UNDECLARED_SELECTOR = YES;
				GCC_WARN_UNINITIALIZED_AUTOS = YES_AGGRESSIVE;
				GCC_WARN_UNUSED_FUNCTION = YES;
				GCC_WARN_UNUSED_VARIABLE = YES;
				IPHONEOS_DEPLOYMENT_TARGET = 12.0;
				MTL_ENABLE_DEBUG_INFO = INCLUDE_SOURCE;
				MTL_FAST_MATH = YES;
				ONLY_ACTIVE_ARCH = YES;
				SDKROOT = iphoneos;
				SWIFT_ACTIVE_COMPILATION_CONDITIONS = DEBUG;
				SWIFT_OPTIMIZATION_LEVEL = "-Onone";
			};
			name = Debug;
		};
		774F95D32150EBE400BC48DD /* Release */ = {
			isa = XCBuildConfiguration;
			buildSettings = {
				ALWAYS_SEARCH_USER_PATHS = NO;
				CLANG_ANALYZER_NONNULL = YES;
				CLANG_ANALYZER_NUMBER_OBJECT_CONVERSION = YES_AGGRESSIVE;
				CLANG_CXX_LANGUAGE_STANDARD = "gnu++14";
				CLANG_CXX_LIBRARY = "libc++";
				CLANG_ENABLE_MODULES = YES;
				CLANG_ENABLE_OBJC_ARC = YES;
				CLANG_ENABLE_OBJC_WEAK = YES;
				CLANG_WARN_BLOCK_CAPTURE_AUTORELEASING = YES;
				CLANG_WARN_BOOL_CONVERSION = YES;
				CLANG_WARN_COMMA = YES;
				CLANG_WARN_CONSTANT_CONVERSION = YES;
				CLANG_WARN_DEPRECATED_OBJC_IMPLEMENTATIONS = YES;
				CLANG_WARN_DIRECT_OBJC_ISA_USAGE = YES_ERROR;
				CLANG_WARN_DOCUMENTATION_COMMENTS = YES;
				CLANG_WARN_EMPTY_BODY = YES;
				CLANG_WARN_ENUM_CONVERSION = YES;
				CLANG_WARN_INFINITE_RECURSION = YES;
				CLANG_WARN_INT_CONVERSION = YES;
				CLANG_WARN_NON_LITERAL_NULL_CONVERSION = YES;
				CLANG_WARN_OBJC_IMPLICIT_RETAIN_SELF = YES;
				CLANG_WARN_OBJC_LITERAL_CONVERSION = YES;
				CLANG_WARN_OBJC_ROOT_CLASS = YES_ERROR;
				CLANG_WARN_RANGE_LOOP_ANALYSIS = YES;
				CLANG_WARN_STRICT_PROTOTYPES = YES;
				CLANG_WARN_SUSPICIOUS_MOVE = YES;
				CLANG_WARN_UNGUARDED_AVAILABILITY = YES_AGGRESSIVE;
				CLANG_WARN_UNREACHABLE_CODE = YES;
				CLANG_WARN__DUPLICATE_METHOD_MATCH = YES;
				CODE_SIGN_IDENTITY = "iPhone Developer";
				COPY_PHASE_STRIP = NO;
				DEBUG_INFORMATION_FORMAT = "dwarf-with-dsym";
				ENABLE_NS_ASSERTIONS = NO;
				ENABLE_STRICT_OBJC_MSGSEND = YES;
				GCC_C_LANGUAGE_STANDARD = gnu11;
				GCC_NO_COMMON_BLOCKS = YES;
				GCC_WARN_64_TO_32_BIT_CONVERSION = YES;
				GCC_WARN_ABOUT_RETURN_TYPE = YES_ERROR;
				GCC_WARN_UNDECLARED_SELECTOR = YES;
				GCC_WARN_UNINITIALIZED_AUTOS = YES_AGGRESSIVE;
				GCC_WARN_UNUSED_FUNCTION = YES;
				GCC_WARN_UNUSED_VARIABLE = YES;
				IPHONEOS_DEPLOYMENT_TARGET = 12.0;
				MTL_ENABLE_DEBUG_INFO = NO;
				MTL_FAST_MATH = YES;
				SDKROOT = iphoneos;
				SWIFT_COMPILATION_MODE = wholemodule;
				SWIFT_OPTIMIZATION_LEVEL = "-O";
				VALIDATE_PRODUCT = YES;
			};
			name = Release;
		};
		774F95D52150EBE400BC48DD /* Debug */ = {
			isa = XCBuildConfiguration;
			buildSettings = {
				CODE_SIGN_STYLE = Automatic;
				OTHER_LDFLAGS = "-ObjC";
				PRODUCT_NAME = "$(TARGET_NAME)";
				SKIP_INSTALL = YES;
				SWIFT_VERSION = 4.2;
				TARGETED_DEVICE_FAMILY = "1,2";
			};
			name = Debug;
		};
		774F95D62150EBE400BC48DD /* Release */ = {
			isa = XCBuildConfiguration;
			buildSettings = {
				CODE_SIGN_STYLE = Automatic;
				OTHER_LDFLAGS = "-ObjC";
				PRODUCT_NAME = "$(TARGET_NAME)";
				SKIP_INSTALL = YES;
				SWIFT_VERSION = 4.2;
				TARGETED_DEVICE_FAMILY = "1,2";
			};
			name = Release;
		};
		774F95E42150EBFE00BC48DD /* Debug */ = {
			isa = XCBuildConfiguration;
			buildSettings = {
				CODE_SIGN_STYLE = Automatic;
				INFOPLIST_FILE = Tests/Helpers/Info.plist;
				LD_RUNPATH_SEARCH_PATHS = (
					"$(inherited)",
					"@executable_path/Frameworks",
					"@loader_path/Frameworks",
				);
				PRODUCT_BUNDLE_IDENTIFIER = com.matanwrites.Tests;
				PRODUCT_NAME = "$(TARGET_NAME)";
				SWIFT_VERSION = 4.2;
				TARGETED_DEVICE_FAMILY = "1,2";
			};
			name = Debug;
		};
		774F95E52150EBFE00BC48DD /* Release */ = {
			isa = XCBuildConfiguration;
			buildSettings = {
				CODE_SIGN_STYLE = Automatic;
				INFOPLIST_FILE = Tests/Helpers/Info.plist;
				LD_RUNPATH_SEARCH_PATHS = (
					"$(inherited)",
					"@executable_path/Frameworks",
					"@loader_path/Frameworks",
				);
				PRODUCT_BUNDLE_IDENTIFIER = com.matanwrites.Tests;
				PRODUCT_NAME = "$(TARGET_NAME)";
				SWIFT_VERSION = 4.2;
				TARGETED_DEVICE_FAMILY = "1,2";
			};
			name = Release;
		};
/* End XCBuildConfiguration section */

/* Begin XCConfigurationList section */
		774F95C82150EBE400BC48DD /* Build configuration list for PBXProject "Enveloppe" */ = {
			isa = XCConfigurationList;
			buildConfigurations = (
				774F95D22150EBE400BC48DD /* Debug */,
				774F95D32150EBE400BC48DD /* Release */,
			);
			defaultConfigurationIsVisible = 0;
			defaultConfigurationName = Release;
		};
		774F95D42150EBE400BC48DD /* Build configuration list for PBXNativeTarget "Enveloppe" */ = {
			isa = XCConfigurationList;
			buildConfigurations = (
				774F95D52150EBE400BC48DD /* Debug */,
				774F95D62150EBE400BC48DD /* Release */,
			);
			defaultConfigurationIsVisible = 0;
			defaultConfigurationName = Release;
		};
		774F95E32150EBFE00BC48DD /* Build configuration list for PBXNativeTarget "Tests" */ = {
			isa = XCConfigurationList;
			buildConfigurations = (
				774F95E42150EBFE00BC48DD /* Debug */,
				774F95E52150EBFE00BC48DD /* Release */,
			);
			defaultConfigurationIsVisible = 0;
			defaultConfigurationName = Release;
		};
/* End XCConfigurationList section */
	};
	rootObject = 774F95C52150EBE400BC48DD /* Project object */;
}
